// !$*UTF8*$!
{
	archiveVersion = 1;
	classes = {
	};
	objectVersion = 46;
	objects = {

/* Begin PBXBuildFile section */
		3575121B1B02E7C400419E0B /* Surge.framework in Frameworks */ = {isa = PBXBuildFile; fileRef = 35F206F91B02AA8C00DC1D95 /* Surge.framework */; };
		3575121C1B02E7C400419E0B /* Surge.framework in Embed Frameworks */ = {isa = PBXBuildFile; fileRef = 35F206F91B02AA8C00DC1D95 /* Surge.framework */; settings = {ATTRIBUTES = (CodeSignOnCopy, RemoveHeadersOnCopy, ); }; };
		3581B2C91B017E3100C1AD79 /* CoreMotion.framework in Frameworks */ = {isa = PBXBuildFile; fileRef = 3581B2C81B017E3100C1AD79 /* CoreMotion.framework */; };
		3581B2CB1B017E9900C1AD79 /* SCFMotionManager.swift in Sources */ = {isa = PBXBuildFile; fileRef = 3581B2CA1B017E9900C1AD79 /* SCFMotionManager.swift */; };
		35CE81661AFFC95900E3AE31 /* AppDelegate.swift in Sources */ = {isa = PBXBuildFile; fileRef = 35CE81651AFFC95900E3AE31 /* AppDelegate.swift */; };
		35CE81681AFFC95900E3AE31 /* ViewController.swift in Sources */ = {isa = PBXBuildFile; fileRef = 35CE81671AFFC95900E3AE31 /* ViewController.swift */; };
		35CE816B1AFFC95900E3AE31 /* Main.storyboard in Resources */ = {isa = PBXBuildFile; fileRef = 35CE81691AFFC95900E3AE31 /* Main.storyboard */; };
		35CE816D1AFFC95900E3AE31 /* Images.xcassets in Resources */ = {isa = PBXBuildFile; fileRef = 35CE816C1AFFC95900E3AE31 /* Images.xcassets */; };
		35CE81701AFFC95900E3AE31 /* LaunchScreen.xib in Resources */ = {isa = PBXBuildFile; fileRef = 35CE816E1AFFC95900E3AE31 /* LaunchScreen.xib */; };
		35CE817C1AFFC95900E3AE31 /* scfinalTests.swift in Sources */ = {isa = PBXBuildFile; fileRef = 35CE817B1AFFC95900E3AE31 /* scfinalTests.swift */; };
		35F206F21B026F3900DC1D95 /* SCFClassifier.swift in Sources */ = {isa = PBXBuildFile; fileRef = 35F206F11B026F3900DC1D95 /* SCFClassifier.swift */; };
/* End PBXBuildFile section */

/* Begin PBXContainerItemProxy section */
		3575121D1B02E7C400419E0B /* PBXContainerItemProxy */ = {
			isa = PBXContainerItemProxy;
			containerPortal = 35F206F31B02AA8C00DC1D95 /* Surge.xcodeproj */;
			proxyType = 1;
			remoteGlobalIDString = F8A1E1A919917A79009735E2;
			remoteInfo = Surge;
		};
		35CE81761AFFC95900E3AE31 /* PBXContainerItemProxy */ = {
			isa = PBXContainerItemProxy;
			containerPortal = 35CE81581AFFC95900E3AE31 /* Project object */;
			proxyType = 1;
			remoteGlobalIDString = 35CE815F1AFFC95900E3AE31;
			remoteInfo = scfinal;
		};
		35F206F81B02AA8C00DC1D95 /* PBXContainerItemProxy */ = {
			isa = PBXContainerItemProxy;
			containerPortal = 35F206F31B02AA8C00DC1D95 /* Surge.xcodeproj */;
			proxyType = 2;
			remoteGlobalIDString = F8A1E1AA19917A79009735E2;
			remoteInfo = Surge;
		};
		35F206FA1B02AA8C00DC1D95 /* PBXContainerItemProxy */ = {
			isa = PBXContainerItemProxy;
			containerPortal = 35F206F31B02AA8C00DC1D95 /* Surge.xcodeproj */;
			proxyType = 2;
			remoteGlobalIDString = F84A6AAE19A9A72F007B53E1;
			remoteInfo = SurgeTests;
		};
/* End PBXContainerItemProxy section */

/* Begin PBXCopyFilesBuildPhase section */
		3575121F1B02E7C500419E0B /* Embed Frameworks */ = {
			isa = PBXCopyFilesBuildPhase;
			buildActionMask = 2147483647;
			dstPath = "";
			dstSubfolderSpec = 10;
			files = (
				3575121C1B02E7C400419E0B /* Surge.framework in Embed Frameworks */,
			);
			name = "Embed Frameworks";
			runOnlyForDeploymentPostprocessing = 0;
		};
/* End PBXCopyFilesBuildPhase section */

/* Begin PBXFileReference section */
		3581B2C81B017E3100C1AD79 /* CoreMotion.framework */ = {isa = PBXFileReference; lastKnownFileType = wrapper.framework; name = CoreMotion.framework; path = System/Library/Frameworks/CoreMotion.framework; sourceTree = SDKROOT; };
		3581B2CA1B017E9900C1AD79 /* SCFMotionManager.swift */ = {isa = PBXFileReference; fileEncoding = 4; lastKnownFileType = sourcecode.swift; path = SCFMotionManager.swift; sourceTree = "<group>"; };
		35CE81601AFFC95900E3AE31 /* scfinal.app */ = {isa = PBXFileReference; explicitFileType = wrapper.application; includeInIndex = 0; path = scfinal.app; sourceTree = BUILT_PRODUCTS_DIR; };
		35CE81641AFFC95900E3AE31 /* Info.plist */ = {isa = PBXFileReference; lastKnownFileType = text.plist.xml; path = Info.plist; sourceTree = "<group>"; };
		35CE81651AFFC95900E3AE31 /* AppDelegate.swift */ = {isa = PBXFileReference; lastKnownFileType = sourcecode.swift; path = AppDelegate.swift; sourceTree = "<group>"; };
		35CE81671AFFC95900E3AE31 /* ViewController.swift */ = {isa = PBXFileReference; lastKnownFileType = sourcecode.swift; path = ViewController.swift; sourceTree = "<group>"; };
		35CE816A1AFFC95900E3AE31 /* Base */ = {isa = PBXFileReference; lastKnownFileType = file.storyboard; name = Base; path = Base.lproj/Main.storyboard; sourceTree = "<group>"; };
		35CE816C1AFFC95900E3AE31 /* Images.xcassets */ = {isa = PBXFileReference; lastKnownFileType = folder.assetcatalog; path = Images.xcassets; sourceTree = "<group>"; };
		35CE816F1AFFC95900E3AE31 /* Base */ = {isa = PBXFileReference; lastKnownFileType = file.xib; name = Base; path = Base.lproj/LaunchScreen.xib; sourceTree = "<group>"; };
		35CE81751AFFC95900E3AE31 /* scfinalTests.xctest */ = {isa = PBXFileReference; explicitFileType = wrapper.cfbundle; includeInIndex = 0; path = scfinalTests.xctest; sourceTree = BUILT_PRODUCTS_DIR; };
		35CE817A1AFFC95900E3AE31 /* Info.plist */ = {isa = PBXFileReference; lastKnownFileType = text.plist.xml; path = Info.plist; sourceTree = "<group>"; };
		35CE817B1AFFC95900E3AE31 /* scfinalTests.swift */ = {isa = PBXFileReference; lastKnownFileType = sourcecode.swift; path = scfinalTests.swift; sourceTree = "<group>"; };
		35F206F11B026F3900DC1D95 /* SCFClassifier.swift */ = {isa = PBXFileReference; fileEncoding = 4; lastKnownFileType = sourcecode.swift; path = SCFClassifier.swift; sourceTree = "<group>"; };
		35F206F31B02AA8C00DC1D95 /* Surge.xcodeproj */ = {isa = PBXFileReference; lastKnownFileType = "wrapper.pb-project"; name = Surge.xcodeproj; path = Surge/Surge.xcodeproj; sourceTree = "<group>"; };
/* End PBXFileReference section */

/* Begin PBXFrameworksBuildPhase section */
		35CE815D1AFFC95900E3AE31 /* Frameworks */ = {
			isa = PBXFrameworksBuildPhase;
			buildActionMask = 2147483647;
			files = (
				3581B2C91B017E3100C1AD79 /* CoreMotion.framework in Frameworks */,
				3575121B1B02E7C400419E0B /* Surge.framework in Frameworks */,
			);
			runOnlyForDeploymentPostprocessing = 0;
		};
		35CE81721AFFC95900E3AE31 /* Frameworks */ = {
			isa = PBXFrameworksBuildPhase;
			buildActionMask = 2147483647;
			files = (
			);
			runOnlyForDeploymentPostprocessing = 0;
		};
/* End PBXFrameworksBuildPhase section */

/* Begin PBXGroup section */
		35CE81571AFFC95900E3AE31 = {
			isa = PBXGroup;
			children = (
				35F206F31B02AA8C00DC1D95 /* Surge.xcodeproj */,
				3581B2C81B017E3100C1AD79 /* CoreMotion.framework */,
				35CE81621AFFC95900E3AE31 /* scfinal */,
				35CE81781AFFC95900E3AE31 /* scfinalTests */,
				35CE81611AFFC95900E3AE31 /* Products */,
			);
			sourceTree = "<group>";
		};
		35CE81611AFFC95900E3AE31 /* Products */ = {
			isa = PBXGroup;
			children = (
				35CE81601AFFC95900E3AE31 /* scfinal.app */,
				35CE81751AFFC95900E3AE31 /* scfinalTests.xctest */,
			);
			name = Products;
			sourceTree = "<group>";
		};
		35CE81621AFFC95900E3AE31 /* scfinal */ = {
			isa = PBXGroup;
			children = (
				35CE81651AFFC95900E3AE31 /* AppDelegate.swift */,
				35CE81671AFFC95900E3AE31 /* ViewController.swift */,
				3581B2CA1B017E9900C1AD79 /* SCFMotionManager.swift */,
				35F206F11B026F3900DC1D95 /* SCFClassifier.swift */,
				35CE81691AFFC95900E3AE31 /* Main.storyboard */,
				35CE816C1AFFC95900E3AE31 /* Images.xcassets */,
				35CE816E1AFFC95900E3AE31 /* LaunchScreen.xib */,
				35CE81631AFFC95900E3AE31 /* Supporting Files */,
			);
			path = scfinal;
			sourceTree = "<group>";
		};
		35CE81631AFFC95900E3AE31 /* Supporting Files */ = {
			isa = PBXGroup;
			children = (
				35CE81641AFFC95900E3AE31 /* Info.plist */,
			);
			name = "Supporting Files";
			sourceTree = "<group>";
		};
		35CE81781AFFC95900E3AE31 /* scfinalTests */ = {
			isa = PBXGroup;
			children = (
				35CE817B1AFFC95900E3AE31 /* scfinalTests.swift */,
				35CE81791AFFC95900E3AE31 /* Supporting Files */,
			);
			path = scfinalTests;
			sourceTree = "<group>";
		};
		35CE81791AFFC95900E3AE31 /* Supporting Files */ = {
			isa = PBXGroup;
			children = (
				35CE817A1AFFC95900E3AE31 /* Info.plist */,
			);
			name = "Supporting Files";
			sourceTree = "<group>";
		};
		35F206F41B02AA8C00DC1D95 /* Products */ = {
			isa = PBXGroup;
			children = (
				35F206F91B02AA8C00DC1D95 /* Surge.framework */,
				35F206FB1B02AA8C00DC1D95 /* SurgeTests.xctest */,
			);
			name = Products;
			sourceTree = "<group>";
		};
/* End PBXGroup section */

/* Begin PBXNativeTarget section */
		35CE815F1AFFC95900E3AE31 /* scfinal */ = {
			isa = PBXNativeTarget;
			buildConfigurationList = 35CE817F1AFFC95900E3AE31 /* Build configuration list for PBXNativeTarget "scfinal" */;
			buildPhases = (
				35CE815C1AFFC95900E3AE31 /* Sources */,
				35CE815D1AFFC95900E3AE31 /* Frameworks */,
				35CE815E1AFFC95900E3AE31 /* Resources */,
				3575121F1B02E7C500419E0B /* Embed Frameworks */,
			);
			buildRules = (
			);
			dependencies = (
				3575121E1B02E7C400419E0B /* PBXTargetDependency */,
			);
			name = scfinal;
			productName = scfinal;
			productReference = 35CE81601AFFC95900E3AE31 /* scfinal.app */;
			productType = "com.apple.product-type.application";
		};
		35CE81741AFFC95900E3AE31 /* scfinalTests */ = {
			isa = PBXNativeTarget;
			buildConfigurationList = 35CE81821AFFC95900E3AE31 /* Build configuration list for PBXNativeTarget "scfinalTests" */;
			buildPhases = (
				35CE81711AFFC95900E3AE31 /* Sources */,
				35CE81721AFFC95900E3AE31 /* Frameworks */,
				35CE81731AFFC95900E3AE31 /* Resources */,
			);
			buildRules = (
			);
			dependencies = (
				35CE81771AFFC95900E3AE31 /* PBXTargetDependency */,
			);
			name = scfinalTests;
			productName = scfinalTests;
			productReference = 35CE81751AFFC95900E3AE31 /* scfinalTests.xctest */;
			productType = "com.apple.product-type.bundle.unit-test";
		};
/* End PBXNativeTarget section */

/* Begin PBXProject section */
		35CE81581AFFC95900E3AE31 /* Project object */ = {
			isa = PBXProject;
			attributes = {
				LastUpgradeCheck = 0630;
				ORGANIZATIONNAME = "Raj Ramamurthy";
				TargetAttributes = {
					35CE815F1AFFC95900E3AE31 = {
						CreatedOnToolsVersion = 6.3.1;
					};
					35CE81741AFFC95900E3AE31 = {
						CreatedOnToolsVersion = 6.3.1;
						TestTargetID = 35CE815F1AFFC95900E3AE31;
					};
				};
			};
			buildConfigurationList = 35CE815B1AFFC95900E3AE31 /* Build configuration list for PBXProject "scfinal" */;
			compatibilityVersion = "Xcode 3.2";
			developmentRegion = English;
			hasScannedForEncodings = 0;
			knownRegions = (
				en,
				Base,
			);
			mainGroup = 35CE81571AFFC95900E3AE31;
			productRefGroup = 35CE81611AFFC95900E3AE31 /* Products */;
			projectDirPath = "";
			projectReferences = (
				{
					ProductGroup = 35F206F41B02AA8C00DC1D95 /* Products */;
					ProjectRef = 35F206F31B02AA8C00DC1D95 /* Surge.xcodeproj */;
				},
			);
			projectRoot = "";
			targets = (
				35CE815F1AFFC95900E3AE31 /* scfinal */,
				35CE81741AFFC95900E3AE31 /* scfinalTests */,
			);
		};
/* End PBXProject section */

/* Begin PBXReferenceProxy section */
		35F206F91B02AA8C00DC1D95 /* Surge.framework */ = {
			isa = PBXReferenceProxy;
			fileType = wrapper.framework;
			path = Surge.framework;
			remoteRef = 35F206F81B02AA8C00DC1D95 /* PBXContainerItemProxy */;
			sourceTree = BUILT_PRODUCTS_DIR;
		};
		35F206FB1B02AA8C00DC1D95 /* SurgeTests.xctest */ = {
			isa = PBXReferenceProxy;
			fileType = wrapper.cfbundle;
			path = SurgeTests.xctest;
			remoteRef = 35F206FA1B02AA8C00DC1D95 /* PBXContainerItemProxy */;
			sourceTree = BUILT_PRODUCTS_DIR;
		};
/* End PBXReferenceProxy section */

/* Begin PBXResourcesBuildPhase section */
		35CE815E1AFFC95900E3AE31 /* Resources */ = {
			isa = PBXResourcesBuildPhase;
			buildActionMask = 2147483647;
			files = (
				35CE816B1AFFC95900E3AE31 /* Main.storyboard in Resources */,
				35CE81701AFFC95900E3AE31 /* LaunchScreen.xib in Resources */,
				35CE816D1AFFC95900E3AE31 /* Images.xcassets in Resources */,
			);
			runOnlyForDeploymentPostprocessing = 0;
		};
		35CE81731AFFC95900E3AE31 /* Resources */ = {
			isa = PBXResourcesBuildPhase;
			buildActionMask = 2147483647;
			files = (
			);
			runOnlyForDeploymentPostprocessing = 0;
		};
/* End PBXResourcesBuildPhase section */

/* Begin PBXSourcesBuildPhase section */
		35CE815C1AFFC95900E3AE31 /* Sources */ = {
			isa = PBXSourcesBuildPhase;
			buildActionMask = 2147483647;
			files = (
				3581B2CB1B017E9900C1AD79 /* SCFMotionManager.swift in Sources */,
				35CE81681AFFC95900E3AE31 /* ViewController.swift in Sources */,
				35F206F21B026F3900DC1D95 /* SCFClassifier.swift in Sources */,
				35CE81661AFFC95900E3AE31 /* AppDelegate.swift in Sources */,
			);
			runOnlyForDeploymentPostprocessing = 0;
		};
		35CE81711AFFC95900E3AE31 /* Sources */ = {
			isa = PBXSourcesBuildPhase;
			buildActionMask = 2147483647;
			files = (
				35CE817C1AFFC95900E3AE31 /* scfinalTests.swift in Sources */,
			);
			runOnlyForDeploymentPostprocessing = 0;
		};
/* End PBXSourcesBuildPhase section */

/* Begin PBXTargetDependency section */
		3575121E1B02E7C400419E0B /* PBXTargetDependency */ = {
			isa = PBXTargetDependency;
			name = Surge;
			targetProxy = 3575121D1B02E7C400419E0B /* PBXContainerItemProxy */;
		};
		35CE81771AFFC95900E3AE31 /* PBXTargetDependency */ = {
			isa = PBXTargetDependency;
			target = 35CE815F1AFFC95900E3AE31 /* scfinal */;
			targetProxy = 35CE81761AFFC95900E3AE31 /* PBXContainerItemProxy */;
		};
/* End PBXTargetDependency section */

/* Begin PBXVariantGroup section */
		35CE81691AFFC95900E3AE31 /* Main.storyboard */ = {
			isa = PBXVariantGroup;
			children = (
				35CE816A1AFFC95900E3AE31 /* Base */,
			);
			name = Main.storyboard;
			sourceTree = "<group>";
		};
		35CE816E1AFFC95900E3AE31 /* LaunchScreen.xib */ = {
			isa = PBXVariantGroup;
			children = (
				35CE816F1AFFC95900E3AE31 /* Base */,
			);
			name = LaunchScreen.xib;
			sourceTree = "<group>";
		};
/* End PBXVariantGroup section */

/* Begin XCBuildConfiguration section */
		35CE817D1AFFC95900E3AE31 /* Debug */ = {
			isa = XCBuildConfiguration;
			buildSettings = {
				ALWAYS_SEARCH_USER_PATHS = NO;
				CLANG_CXX_LANGUAGE_STANDARD = "gnu++0x";
				CLANG_CXX_LIBRARY = "libc++";
				CLANG_ENABLE_MODULES = YES;
				CLANG_ENABLE_OBJC_ARC = YES;
				CLANG_WARN_BOOL_CONVERSION = YES;
				CLANG_WARN_CONSTANT_CONVERSION = YES;
				CLANG_WARN_DIRECT_OBJC_ISA_USAGE = YES_ERROR;
				CLANG_WARN_EMPTY_BODY = YES;
				CLANG_WARN_ENUM_CONVERSION = YES;
				CLANG_WARN_INT_CONVERSION = YES;
				CLANG_WARN_OBJC_ROOT_CLASS = YES_ERROR;
				CLANG_WARN_UNREACHABLE_CODE = YES;
				CLANG_WARN__DUPLICATE_METHOD_MATCH = YES;
				"CODE_SIGN_IDENTITY[sdk=iphoneos*]" = "iPhone Developer";
				COPY_PHASE_STRIP = NO;
				DEBUG_INFORMATION_FORMAT = "dwarf-with-dsym";
				ENABLE_STRICT_OBJC_MSGSEND = YES;
				GCC_C_LANGUAGE_STANDARD = gnu99;
				GCC_DYNAMIC_NO_PIC = NO;
				GCC_NO_COMMON_BLOCKS = YES;
				GCC_OPTIMIZATION_LEVEL = 0;
				GCC_PREPROCESSOR_DEFINITIONS = (
					"DEBUG=1",
					"$(inherited)",
				);
				GCC_SYMBOLS_PRIVATE_EXTERN = NO;
				GCC_WARN_64_TO_32_BIT_CONVERSION = YES;
				GCC_WARN_ABOUT_RETURN_TYPE = YES_ERROR;
				GCC_WARN_UNDECLARED_SELECTOR = YES;
				GCC_WARN_UNINITIALIZED_AUTOS = YES_AGGRESSIVE;
				GCC_WARN_UNUSED_FUNCTION = YES;
				GCC_WARN_UNUSED_VARIABLE = YES;
				IPHONEOS_DEPLOYMENT_TARGET = 8.3;
				MTL_ENABLE_DEBUG_INFO = YES;
				ONLY_ACTIVE_ARCH = YES;
				SDKROOT = iphoneos;
				SWIFT_OPTIMIZATION_LEVEL = "-Onone";
			};
			name = Debug;
		};
		35CE817E1AFFC95900E3AE31 /* Release */ = {
			isa = XCBuildConfiguration;
			buildSettings = {
				ALWAYS_SEARCH_USER_PATHS = NO;
				CLANG_CXX_LANGUAGE_STANDARD = "gnu++0x";
				CLANG_CXX_LIBRARY = "libc++";
				CLANG_ENABLE_MODULES = YES;
				CLANG_ENABLE_OBJC_ARC = YES;
				CLANG_WARN_BOOL_CONVERSION = YES;
				CLANG_WARN_CONSTANT_CONVERSION = YES;
				CLANG_WARN_DIRECT_OBJC_ISA_USAGE = YES_ERROR;
				CLANG_WARN_EMPTY_BODY = YES;
				CLANG_WARN_ENUM_CONVERSION = YES;
				CLANG_WARN_INT_CONVERSION = YES;
				CLANG_WARN_OBJC_ROOT_CLASS = YES_ERROR;
				CLANG_WARN_UNREACHABLE_CODE = YES;
				CLANG_WARN__DUPLICATE_METHOD_MATCH = YES;
				"CODE_SIGN_IDENTITY[sdk=iphoneos*]" = "iPhone Developer";
				COPY_PHASE_STRIP = NO;
				DEBUG_INFORMATION_FORMAT = "dwarf-with-dsym";
				ENABLE_NS_ASSERTIONS = NO;
				ENABLE_STRICT_OBJC_MSGSEND = YES;
				GCC_C_LANGUAGE_STANDARD = gnu99;
				GCC_NO_COMMON_BLOCKS = YES;
				GCC_WARN_64_TO_32_BIT_CONVERSION = YES;
				GCC_WARN_ABOUT_RETURN_TYPE = YES_ERROR;
				GCC_WARN_UNDECLARED_SELECTOR = YES;
				GCC_WARN_UNINITIALIZED_AUTOS = YES_AGGRESSIVE;
				GCC_WARN_UNUSED_FUNCTION = YES;
				GCC_WARN_UNUSED_VARIABLE = YES;
				IPHONEOS_DEPLOYMENT_TARGET = 8.3;
				MTL_ENABLE_DEBUG_INFO = NO;
				SDKROOT = iphoneos;
				VALIDATE_PRODUCT = YES;
			};
			name = Release;
		};
		35CE81801AFFC95900E3AE31 /* Debug */ = {
			isa = XCBuildConfiguration;
			buildSettings = {
				ASSETCATALOG_COMPILER_APPICON_NAME = AppIcon;
				INFOPLIST_FILE = scfinal/Info.plist;
				LD_RUNPATH_SEARCH_PATHS = "$(inherited) @executable_path/Frameworks";
				PRODUCT_NAME = "$(TARGET_NAME)";
			};
			name = Debug;
		};
		35CE81811AFFC95900E3AE31 /* Release */ = {
			isa = XCBuildConfiguration;
			buildSettings = {
				ASSETCATALOG_COMPILER_APPICON_NAME = AppIcon;
				INFOPLIST_FILE = scfinal/Info.plist;
				LD_RUNPATH_SEARCH_PATHS = "$(inherited) @executable_path/Frameworks";
				PRODUCT_NAME = "$(TARGET_NAME)";
			};
			name = Release;
		};
		35CE81831AFFC95900E3AE31 /* Debug */ = {
			isa = XCBuildConfiguration;
			buildSettings = {
				BUNDLE_LOADER = "$(TEST_HOST)";
				FRAMEWORK_SEARCH_PATHS = (
					"$(SDKROOT)/Developer/Library/Frameworks",
					"$(inherited)",
				);
				GCC_PREPROCESSOR_DEFINITIONS = (
					"DEBUG=1",
					"$(inherited)",
				);
				INFOPLIST_FILE = scfinalTests/Info.plist;
				LD_RUNPATH_SEARCH_PATHS = "$(inherited) @executable_path/Frameworks @loader_path/Frameworks";
				PRODUCT_NAME = "$(TARGET_NAME)";
				TEST_HOST = "$(BUILT_PRODUCTS_DIR)/scfinal.app/scfinal";
			};
			name = Debug;
		};
		35CE81841AFFC95900E3AE31 /* Release */ = {
			isa = XCBuildConfiguration;
			buildSettings = {
				BUNDLE_LOADER = "$(TEST_HOST)";
				FRAMEWORK_SEARCH_PATHS = (
					"$(SDKROOT)/Developer/Library/Frameworks",
					"$(inherited)",
				);
				INFOPLIST_FILE = scfinalTests/Info.plist;
				LD_RUNPATH_SEARCH_PATHS = "$(inherited) @executable_path/Frameworks @loader_path/Frameworks";
				PRODUCT_NAME = "$(TARGET_NAME)";
				TEST_HOST = "$(BUILT_PRODUCTS_DIR)/scfinal.app/scfinal";
			};
			name = Release;
		};
/* End XCBuildConfiguration section */

/* Begin XCConfigurationList section */
		35CE815B1AFFC95900E3AE31 /* Build configuration list for PBXProject "scfinal" */ = {
			isa = XCConfigurationList;
			buildConfigurations = (
				35CE817D1AFFC95900E3AE31 /* Debug */,
				35CE817E1AFFC95900E3AE31 /* Release */,
			);
			defaultConfigurationIsVisible = 0;
			defaultConfigurationName = Release;
		};
		35CE817F1AFFC95900E3AE31 /* Build configuration list for PBXNativeTarget "scfinal" */ = {
			isa = XCConfigurationList;
			buildConfigurations = (
				35CE81801AFFC95900E3AE31 /* Debug */,
				35CE81811AFFC95900E3AE31 /* Release */,
			);
			defaultConfigurationIsVisible = 0;
			defaultConfigurationName = Release;
		};
		35CE81821AFFC95900E3AE31 /* Build configuration list for PBXNativeTarget "scfinalTests" */ = {
			isa = XCConfigurationList;
			buildConfigurations = (
				35CE81831AFFC95900E3AE31 /* Debug */,
				35CE81841AFFC95900E3AE31 /* Release */,
			);
			defaultConfigurationIsVisible = 0;
			defaultConfigurationName = Release;
		};
/* End XCConfigurationList section */
	};
	rootObject = 35CE81581AFFC95900E3AE31 /* Project object */;
}
